Microsoft Visual Studio Solution File, Format Version 12.00
# Visual Studio 2012
Project("{FAE04EC0-301F-11D3-BF4B-00C04F79EFBC}") = "gmtk25", "gmtk25.csproj", "{275038E1-BB5B-409C-8034-3E898A7F8BCC}"
EndProject
Global
	GlobalSection(SolutionConfigurationPlatforms) = preSolution
	Debug|Any CPU = Debug|Any CPU
	ExportDebug|Any CPU = ExportDebug|Any CPU
	ExportRelease|Any CPU = ExportRelease|Any CPU
	EndGlobalSection
	GlobalSection(ProjectConfigurationPlatforms) = postSolution
		{275038E1-BB5B-409C-8034-3E898A7F8BCC}.Debug|Any CPU.ActiveCfg = Debug|Any CPU
		{275038E1-BB5B-409C-8034-3E898A7F8BCC}.Debug|Any CPU.Build.0 = Debug|Any CPU
		{275038E1-BB5B-409C-8034-3E898A7F8BCC}.ExportDebug|Any CPU.ActiveCfg = ExportDebug|Any CPU
		{275038E1-BB5B-409C-8034-3E898A7F8BCC}.ExportDebug|Any CPU.Build.0 = ExportDebug|Any CPU
		{275038E1-BB5B-409C-8034-3E898A7F8BCC}.ExportRelease|Any CPU.ActiveCfg = ExportRelease|Any CPU
		{275038E1-BB5B-409C-8034-3E898A7F8BCC}.ExportRelease|Any CPU.Build.0 = ExportRelease|Any CPU
	EndGlobalSection
EndGlobal
